
Microsoft Visual Studio Solution File, Format Version 12.00
# Visual Studio Version 17
VisualStudioVersion = 17.7.34202.233
MinimumVisualStudioVersion = 10.0.40219.1
Project("{FAE04EC0-301F-11D3-BF4B-00C04F79EFBC}") = "PruebaLaboratorio", "PruebaLaboratorio\PruebaLaboratorio.csproj", "{17A017EC-2A37-4459-B64E-58167657CA56}"
EndProject
Project("{2150E333-8FDC-42A3-9474-1A3956D46DE8}") = "Enterprise Business Rules", "Enterprise Business Rules", "{0767F582-057A-4FCB-BC85-13B8BFC106E4}"
EndProject
Project("{FAE04EC0-301F-11D3-BF4B-00C04F79EFBC}") = "PruebaLaboratorio.Entities", "PruebaLaborario.Entities\PruebaLaboratorio.Entities.csproj", "{14F52B14-1282-487D-9C36-45E341020758}"
EndProject
Project("{FAE04EC0-301F-11D3-BF4B-00C04F79EFBC}") = "PruebaLaboratorio.EFCore", "PruebaLaboratorio.EFCore\PruebaLaboratorio.EFCore.csproj", "{DE11B3A1-8FCB-430A-A458-3DE8C0665C99}"
EndProject
Project("{2150E333-8FDC-42A3-9474-1A3956D46DE8}") = "Interface Adapter", "Interface Adapter", "{5D3AF783-1266-476E-ADB6-DB93639DE0C3}"
EndProject
Global
	GlobalSection(SolutionConfigurationPlatforms) = preSolution
		Debug|Any CPU = Debug|Any CPU
		Release|Any CPU = Release|Any CPU
	EndGlobalSection
	GlobalSection(ProjectConfigurationPlatforms) = postSolution
		{17A017EC-2A37-4459-B64E-58167657CA56}.Debug|Any CPU.ActiveCfg = Debug|Any CPU
		{17A017EC-2A37-4459-B64E-58167657CA56}.Debug|Any CPU.Build.0 = Debug|Any CPU
		{17A017EC-2A37-4459-B64E-58167657CA56}.Release|Any CPU.ActiveCfg = Release|Any CPU
		{17A017EC-2A37-4459-B64E-58167657CA56}.Release|Any CPU.Build.0 = Release|Any CPU
		{14F52B14-1282-487D-9C36-45E341020758}.Debug|Any CPU.ActiveCfg = Debug|Any CPU
		{14F52B14-1282-487D-9C36-45E341020758}.Debug|Any CPU.Build.0 = Debug|Any CPU
		{14F52B14-1282-487D-9C36-45E341020758}.Release|Any CPU.ActiveCfg = Release|Any CPU
		{14F52B14-1282-487D-9C36-45E341020758}.Release|Any CPU.Build.0 = Release|Any CPU
		{DE11B3A1-8FCB-430A-A458-3DE8C0665C99}.Debug|Any CPU.ActiveCfg = Debug|Any CPU
		{DE11B3A1-8FCB-430A-A458-3DE8C0665C99}.Debug|Any CPU.Build.0 = Debug|Any CPU
		{DE11B3A1-8FCB-430A-A458-3DE8C0665C99}.Release|Any CPU.ActiveCfg = Release|Any CPU
		{DE11B3A1-8FCB-430A-A458-3DE8C0665C99}.Release|Any CPU.Build.0 = Release|Any CPU
	EndGlobalSection
	GlobalSection(SolutionProperties) = preSolution
		HideSolutionNode = FALSE
	EndGlobalSection
	GlobalSection(ExtensibilityGlobals) = postSolution
		SolutionGuid = {0D8148BD-28D6-4DE0-BD33-71F23A3E95DE}
	EndGlobalSection
EndGlobal
